
Microsoft Visual Studio Solution File, Format Version 11.00
# Visual Studio 2010
Project("{FAE04EC0-301F-11D3-BF4B-00C04F79EFBC}") = "VrProject1", "Assembly-CSharp.csproj", "{74452733-7A1D-242C-D08D-48DE15A7FBF2}"
EndProject
Project("{FAE04EC0-301F-11D3-BF4B-00C04F79EFBC}") = "VrProject1", "Assembly-CSharp-firstpass.csproj", "{98B9EF2A-6ABF-22F4-8F21-C78692DE510E}"
EndProject
Project("{FAE04EC0-301F-11D3-BF4B-00C04F79EFBC}") = "VrProject1", "Assembly-CSharp-Editor-firstpass.csproj", "{36B61A86-0270-356B-9D2E-A320002F30ED}"
EndProject
Project("{FAE04EC0-301F-11D3-BF4B-00C04F79EFBC}") = "VrProject1", "Assembly-CSharp-Editor.csproj", "{EC181A85-27EF-F529-360E-1A686EFE15FB}"
EndProject
Global
	GlobalSection(SolutionConfigurationPlatforms) = preSolution
		Debug|Any CPU = Debug|Any CPU
		Release|Any CPU = Release|Any CPU
	EndGlobalSection
	GlobalSection(ProjectConfigurationPlatforms) = postSolution
		{74452733-7A1D-242C-D08D-48DE15A7FBF2}.Debug|Any CPU.ActiveCfg = Debug|Any CPU
		{74452733-7A1D-242C-D08D-48DE15A7FBF2}.Debug|Any CPU.Build.0 = Debug|Any CPU
		{74452733-7A1D-242C-D08D-48DE15A7FBF2}.Release|Any CPU.ActiveCfg = Release|Any CPU
		{74452733-7A1D-242C-D08D-48DE15A7FBF2}.Release|Any CPU.Build.0 = Release|Any CPU
		{98B9EF2A-6ABF-22F4-8F21-C78692DE510E}.Debug|Any CPU.ActiveCfg = Debug|Any CPU
		{98B9EF2A-6ABF-22F4-8F21-C78692DE510E}.Debug|Any CPU.Build.0 = Debug|Any CPU
		{98B9EF2A-6ABF-22F4-8F21-C78692DE510E}.Release|Any CPU.ActiveCfg = Release|Any CPU
		{98B9EF2A-6ABF-22F4-8F21-C78692DE510E}.Release|Any CPU.Build.0 = Release|Any CPU
		{36B61A86-0270-356B-9D2E-A320002F30ED}.Debug|Any CPU.ActiveCfg = Debug|Any CPU
		{36B61A86-0270-356B-9D2E-A320002F30ED}.Debug|Any CPU.Build.0 = Debug|Any CPU
		{36B61A86-0270-356B-9D2E-A320002F30ED}.Release|Any CPU.ActiveCfg = Release|Any CPU
		{36B61A86-0270-356B-9D2E-A320002F30ED}.Release|Any CPU.Build.0 = Release|Any CPU
		{EC181A85-27EF-F529-360E-1A686EFE15FB}.Debug|Any CPU.ActiveCfg = Debug|Any CPU
		{EC181A85-27EF-F529-360E-1A686EFE15FB}.Debug|Any CPU.Build.0 = Debug|Any CPU
		{EC181A85-27EF-F529-360E-1A686EFE15FB}.Release|Any CPU.ActiveCfg = Release|Any CPU
		{EC181A85-27EF-F529-360E-1A686EFE15FB}.Release|Any CPU.Build.0 = Release|Any CPU
	EndGlobalSection
	GlobalSection(SolutionProperties) = preSolution
		HideSolutionNode = FALSE
	EndGlobalSection
	GlobalSection(MonoDevelopProperties) = preSolution
		StartupItem = Assembly-CSharp.csproj
	EndGlobalSection
EndGlobal
